
Microsoft Visual Studio Solution File, Format Version 12.00
# Visual Studio Version 17
VisualStudioVersion = 17.5.33424.131
MinimumVisualStudioVersion = 10.0.40219.1
Project("{FAE04EC0-301F-11D3-BF4B-00C04F79EFBC}") = "ObservableHashList", "ObservableHashList.csproj", "{D2C5DDD0-4E19-4C05-ADB5-7469CE79E947}"
EndProject
Project("{FAE04EC0-301F-11D3-BF4B-00C04F79EFBC}") = "ObservableHashListTest", "..\ObservableHashListTest\ObservableHashListTest.csproj", "{4C210D26-AE57-47D1-99C6-C0D73FB36544}"
EndProject
Global
	GlobalSection(SolutionConfigurationPlatforms) = preSolution
		Debug|Any CPU = Debug|Any CPU
		Release|Any CPU = Release|Any CPU
	EndGlobalSection
	GlobalSection(ProjectConfigurationPlatforms) = postSolution
		{D2C5DDD0-4E19-4C05-ADB5-7469CE79E947}.Debug|Any CPU.ActiveCfg = Debug|Any CPU
		{D2C5DDD0-4E19-4C05-ADB5-7469CE79E947}.Debug|Any CPU.Build.0 = Debug|Any CPU
		{D2C5DDD0-4E19-4C05-ADB5-7469CE79E947}.Release|Any CPU.ActiveCfg = Release|Any CPU
		{D2C5DDD0-4E19-4C05-ADB5-7469CE79E947}.Release|Any CPU.Build.0 = Release|Any CPU
		{4C210D26-AE57-47D1-99C6-C0D73FB36544}.Debug|Any CPU.ActiveCfg = Debug|Any CPU
		{4C210D26-AE57-47D1-99C6-C0D73FB36544}.Debug|Any CPU.Build.0 = Debug|Any CPU
		{4C210D26-AE57-47D1-99C6-C0D73FB36544}.Release|Any CPU.ActiveCfg = Release|Any CPU
		{4C210D26-AE57-47D1-99C6-C0D73FB36544}.Release|Any CPU.Build.0 = Release|Any CPU
	EndGlobalSection
	GlobalSection(SolutionProperties) = preSolution
		HideSolutionNode = FALSE
	EndGlobalSection
	GlobalSection(ExtensibilityGlobals) = postSolution
		SolutionGuid = {AC2E4AE0-A774-4DBE-92D1-E31B470F5559}
	EndGlobalSection
EndGlobal
